{
  "name": "solana-camp",
  "lockfileVersion": 2,
  "requires": true,
  "packages": {
    "": {
      "dependencies": {
        "is-palindrome-js": "^0.0.1",
        "palindrome-check": "^1.0.1",
        "palindrome-test": "^1.0.1",
        "prompt-sync": "^4.2.0"
      }
    },
    "node_modules/ansi-regex": {
      "version": "4.1.1",
      "resolved": "https://registry.npmjs.org/ansi-regex/-/ansi-regex-4.1.1.tgz",
      "integrity": "sha512-ILlv4k/3f6vfQ4OoP2AGvirOktlQ98ZEL1k9FaQjxa3L1abBgbuTDAdPOpvbGncC0BTVQrl+OM8xZGK6tWXt7g==",
      "engines": {
        "node": ">=6"
      }
    },
    "node_modules/is-palindrome-js": {
      "version": "0.0.1",
      "resolved": "https://registry.npmjs.org/is-palindrome-js/-/is-palindrome-js-0.0.1.tgz",
      "integrity": "sha512-4M2dZ19CfHfGLG9Wy0pT+6ULDfSmznnfKfYp2/o/8rPv5AdZ1bp2HGNDWO7h+38F+4LDOW9xz63JhSLrqzvqZQ=="
    },
    "node_modules/palindrome-check": {
      "version": "1.0.1",
      "resolved": "https://registry.npmjs.org/palindrome-check/-/palindrome-check-1.0.1.tgz",
      "integrity": "sha512-087po9qzoBb0bKK8cd9ys7Ts+mb2/qEONxvKhRhtuLp9l9M8Ad61aj7h9lOQxuq5EqcGCUleova4PxUMHpDsfg=="
    },
    "node_modules/palindrome-test": {
      "version": "1.0.1",
      "resolved": "https://registry.npmjs.org/palindrome-test/-/palindrome-test-1.0.1.tgz",
      "integrity": "sha512-C9m/2sxkNoS06IAnWomOuvXbiP/JCZ3uM3GvIOiaD2JT5ok8DbMWugzRnm01SyUkdUY4fHpqVoAUX9UAC8DupQ=="
    },
    "node_modules/prompt-sync": {
      "version": "4.2.0",
      "resolved": "https://registry.npmjs.org/prompt-sync/-/prompt-sync-4.2.0.tgz",
      "integrity": "sha512-BuEzzc5zptP5LsgV5MZETjDaKSWfchl5U9Luiu8SKp7iZWD5tZalOxvNcZRwv+d2phNFr8xlbxmFNcRKfJOzJw==",
      "dependencies": {
        "strip-ansi": "^5.0.0"
      }
    },
    "node_modules/strip-ansi": {
      "version": "5.2.0",
      "resolved": "https://registry.npmjs.org/strip-ansi/-/strip-ansi-5.2.0.tgz",
      "integrity": "sha512-DuRs1gKbBqsMKIZlrffwlug8MHkcnpjs5VPmL1PAh+mA30U0DTotfDZ0d2UUsXpPmPmMMJ6W773MaA3J+lbiWA==",
      "dependencies": {
        "ansi-regex": "^4.1.0"
      },
      "engines": {
        "node": ">=6"
      }
    }
  },
  "dependencies": {
    "ansi-regex": {
      "version": "4.1.1",
      "resolved": "https://registry.npmjs.org/ansi-regex/-/ansi-regex-4.1.1.tgz",
      "integrity": "sha512-ILlv4k/3f6vfQ4OoP2AGvirOktlQ98ZEL1k9FaQjxa3L1abBgbuTDAdPOpvbGncC0BTVQrl+OM8xZGK6tWXt7g=="
    },
    "is-palindrome-js": {
      "version": "0.0.1",
      "resolved": "https://registry.npmjs.org/is-palindrome-js/-/is-palindrome-js-0.0.1.tgz",
      "integrity": "sha512-4M2dZ19CfHfGLG9Wy0pT+6ULDfSmznnfKfYp2/o/8rPv5AdZ1bp2HGNDWO7h+38F+4LDOW9xz63JhSLrqzvqZQ=="
    },
    "palindrome-check": {
      "version": "1.0.1",
      "resolved": "https://registry.npmjs.org/palindrome-check/-/palindrome-check-1.0.1.tgz",
      "integrity": "sha512-087po9qzoBb0bKK8cd9ys7Ts+mb2/qEONxvKhRhtuLp9l9M8Ad61aj7h9lOQxuq5EqcGCUleova4PxUMHpDsfg=="
    },
    "palindrome-test": {
      "version": "1.0.1",
      "resolved": "https://registry.npmjs.org/palindrome-test/-/palindrome-test-1.0.1.tgz",
      "integrity": "sha512-C9m/2sxkNoS06IAnWomOuvXbiP/JCZ3uM3GvIOiaD2JT5ok8DbMWugzRnm01SyUkdUY4fHpqVoAUX9UAC8DupQ=="
    },
    "prompt-sync": {
      "version": "4.2.0",
      "resolved": "https://registry.npmjs.org/prompt-sync/-/prompt-sync-4.2.0.tgz",
      "integrity": "sha512-BuEzzc5zptP5LsgV5MZETjDaKSWfchl5U9Luiu8SKp7iZWD5tZalOxvNcZRwv+d2phNFr8xlbxmFNcRKfJOzJw==",
      "requires": {
        "strip-ansi": "^5.0.0"
      }
    },
    "strip-ansi": {
      "version": "5.2.0",
      "resolved": "https://registry.npmjs.org/strip-ansi/-/strip-ansi-5.2.0.tgz",
      "integrity": "sha512-DuRs1gKbBqsMKIZlrffwlug8MHkcnpjs5VPmL1PAh+mA30U0DTotfDZ0d2UUsXpPmPmMMJ6W773MaA3J+lbiWA==",
      "requires": {
        "ansi-regex": "^4.1.0"
      }
    }
  }
}
